
Microsoft Visual Studio Solution File, Format Version 12.00
# Visual Studio Version 17
VisualStudioVersion = 17.8.34330.188
MinimumVisualStudioVersion = 10.0.40219.1
Project("{FAE04EC0-301F-11D3-BF4B-00C04F79EFBC}") = "WarriorWars", "CS_SimpleGame\WarriorWars.csproj", "{48F4BFDB-BCB9-4FA0-9505-B140D37812ED}"
EndProject
Global
	GlobalSection(SolutionConfigurationPlatforms) = preSolution
		Debug|Any CPU = Debug|Any CPU
		Release|Any CPU = Release|Any CPU
	EndGlobalSection
	GlobalSection(ProjectConfigurationPlatforms) = postSolution
		{48F4BFDB-BCB9-4FA0-9505-B140D37812ED}.Debug|Any CPU.ActiveCfg = Debug|Any CPU
		{48F4BFDB-BCB9-4FA0-9505-B140D37812ED}.Debug|Any CPU.Build.0 = Debug|Any CPU
		{48F4BFDB-BCB9-4FA0-9505-B140D37812ED}.Release|Any CPU.ActiveCfg = Release|Any CPU
		{48F4BFDB-BCB9-4FA0-9505-B140D37812ED}.Release|Any CPU.Build.0 = Release|Any CPU
	EndGlobalSection
	GlobalSection(SolutionProperties) = preSolution
		HideSolutionNode = FALSE
	EndGlobalSection
	GlobalSection(ExtensibilityGlobals) = postSolution
		SolutionGuid = {572AC572-22B8-47ED-911F-85F076FFCC47}
	EndGlobalSection
EndGlobal
